
Microsoft Visual Studio Solution File, Format Version 12.00
# Visual Studio Version 17
VisualStudioVersion = 17.0.32112.339
MinimumVisualStudioVersion = 10.0.40219.1
Project("{FAE04EC0-301F-11D3-BF4B-00C04F79EFBC}") = "MongoDBDemo", "MongoDBDemo.csproj", "{EEB62857-66AA-4CD3-8327-41EA7F1AF793}"
EndProject
Global
	GlobalSection(SolutionConfigurationPlatforms) = preSolution
		Debug|Any CPU = Debug|Any CPU
		Release|Any CPU = Release|Any CPU
	EndGlobalSection
	GlobalSection(ProjectConfigurationPlatforms) = postSolution
		{EEB62857-66AA-4CD3-8327-41EA7F1AF793}.Debug|Any CPU.ActiveCfg = Debug|Any CPU
		{EEB62857-66AA-4CD3-8327-41EA7F1AF793}.Debug|Any CPU.Build.0 = Debug|Any CPU
		{EEB62857-66AA-4CD3-8327-41EA7F1AF793}.Release|Any CPU.ActiveCfg = Release|Any CPU
		{EEB62857-66AA-4CD3-8327-41EA7F1AF793}.Release|Any CPU.Build.0 = Release|Any CPU
	EndGlobalSection
	GlobalSection(SolutionProperties) = preSolution
		HideSolutionNode = FALSE
	EndGlobalSection
	GlobalSection(ExtensibilityGlobals) = postSolution
		SolutionGuid = {0DEEA54F-44FD-4D4D-9C8D-E8D48C89D6A2}
	EndGlobalSection
EndGlobal
